
Microsoft Visual Studio Solution File, Format Version 12.00
# Visual Studio 2013
VisualStudioVersion = 12.0.40629.0
MinimumVisualStudioVersion = 10.0.40219.1
Project("{FAE04EC0-301F-11D3-BF4B-00C04F79EFBC}") = "HipChat Notification API", "HipChat Notification API\HipChat Notification API.csproj", "{02914AAC-BF1D-413B-BE6F-75BF928C51DD}"
EndProject
Project("{FAE04EC0-301F-11D3-BF4B-00C04F79EFBC}") = "TestHipChatHelper", "TestHipChatHelper\TestHipChatHelper.csproj", "{89A2C322-EA9D-4D10-AE15-92DE0CBA4A5D}"
EndProject
Global
	GlobalSection(SolutionConfigurationPlatforms) = preSolution
		Debug|Any CPU = Debug|Any CPU
		Release|Any CPU = Release|Any CPU
	EndGlobalSection
	GlobalSection(ProjectConfigurationPlatforms) = postSolution
		{02914AAC-BF1D-413B-BE6F-75BF928C51DD}.Debug|Any CPU.ActiveCfg = Debug|Any CPU
		{02914AAC-BF1D-413B-BE6F-75BF928C51DD}.Debug|Any CPU.Build.0 = Debug|Any CPU
		{02914AAC-BF1D-413B-BE6F-75BF928C51DD}.Release|Any CPU.ActiveCfg = Release|Any CPU
		{02914AAC-BF1D-413B-BE6F-75BF928C51DD}.Release|Any CPU.Build.0 = Release|Any CPU
		{89A2C322-EA9D-4D10-AE15-92DE0CBA4A5D}.Debug|Any CPU.ActiveCfg = Debug|Any CPU
		{89A2C322-EA9D-4D10-AE15-92DE0CBA4A5D}.Debug|Any CPU.Build.0 = Debug|Any CPU
		{89A2C322-EA9D-4D10-AE15-92DE0CBA4A5D}.Release|Any CPU.ActiveCfg = Release|Any CPU
		{89A2C322-EA9D-4D10-AE15-92DE0CBA4A5D}.Release|Any CPU.Build.0 = Release|Any CPU
	EndGlobalSection
	GlobalSection(SolutionProperties) = preSolution
		HideSolutionNode = FALSE
	EndGlobalSection
EndGlobal
